
Microsoft Visual Studio Solution File, Format Version 12.00
# Visual Studio Version 16
VisualStudioVersion = 16.0.36422.26
MinimumVisualStudioVersion = 10.0.40219.1
Project("{8BC9CEB8-8B4A-11D0-8D11-00A0C91BC942}") = "1", "1\1.vcxproj", "{5EFD9F92-61E7-4E1B-8B62-8F71C460D72D}"
EndProject
Global
	GlobalSection(SolutionConfigurationPlatforms) = preSolution
		Debug|x64 = Debug|x64
		Debug|x86 = Debug|x86
		Release|x64 = Release|x64
		Release|x86 = Release|x86
	EndGlobalSection
	GlobalSection(ProjectConfigurationPlatforms) = postSolution
		{5EFD9F92-61E7-4E1B-8B62-8F71C460D72D}.Debug|x64.ActiveCfg = Debug|x64
		{5EFD9F92-61E7-4E1B-8B62-8F71C460D72D}.Debug|x64.Build.0 = Debug|x64
		{5EFD9F92-61E7-4E1B-8B62-8F71C460D72D}.Debug|x86.ActiveCfg = Debug|Win32
		{5EFD9F92-61E7-4E1B-8B62-8F71C460D72D}.Debug|x86.Build.0 = Debug|Win32
		{5EFD9F92-61E7-4E1B-8B62-8F71C460D72D}.Release|x64.ActiveCfg = Release|x64
		{5EFD9F92-61E7-4E1B-8B62-8F71C460D72D}.Release|x64.Build.0 = Release|x64
		{5EFD9F92-61E7-4E1B-8B62-8F71C460D72D}.Release|x86.ActiveCfg = Release|Win32
		{5EFD9F92-61E7-4E1B-8B62-8F71C460D72D}.Release|x86.Build.0 = Release|Win32
	EndGlobalSection
	GlobalSection(SolutionProperties) = preSolution
		HideSolutionNode = FALSE
	EndGlobalSection
	GlobalSection(ExtensibilityGlobals) = postSolution
		SolutionGuid = {DDF22615-DE00-4B9B-8434-6A36B4D80AD9}
	EndGlobalSection
EndGlobal
